github.com/cenkalti/backoff v1.1.0 h1:QnvVp8ikKCDWOsFheytRCoYWYPO/ObCTBGxT19Hc+yE=
github.com/cenkalti/backoff v1.1.0/go.mod h1:90ReRw6GdpyfrHakVjL/QHaoyV4aDUVVkXQJJJ3NXXM=
github.com/go-kit/kit v0.7.0 h1:ApufNmWF1H6/wUbAG81hZOHmqwd0zRf8mNfLjYj/064=
github.com/go-kit/kit v0.7.0/go.mod h1:xBxKIO96dXMWWy0MnWVtmwkA9/13aqxPnvrjFYMA2as=
github.com/go-logfmt/logfmt v0.3.0 h1:8HUsc87TaSWLKwrnumgC8/YconD2fJQsRJAsWaPg2ic=
github.com/go-logfmt/logfmt v0.3.0/go.mod h1:Qt1PoO58o5twSAckw1HlFXLmHsOX5/0LbT9GBnD5lWE=
github.com/go-stack/stack v1.7.0 h1:S04+lLfST9FvL8dl4R31wVUC/paZp/WQZbLmUgWboGw=
github.com/go-stack/stack v1.7.0/go.mod h1:v0f6uXyyMGvRgIKkXu+yp6POWl0qKG85gN/melR3HDY=
github.com/gogo/protobuf v1.0.0 h1:2jyBKDKU/8v3v2xVR2PtiWQviFUyiaGk2rpfyFT8rTM=
github.com/gogo/protobuf v1.0.0/go.mod h1:r8qH/GZQm5c6nD/R0oafs1akxWv10x8SbQlK7atdtwQ=
github.com/gosuri/uilive v0.0.0-20170323041506-ac356e6e42cd h1:1e+0Z+T4t1mKL5xxvxXh5FkjuiToQGKreCobLu7lR3Y=
github.com/gosuri/uilive v0.0.0-20170323041506-ac356e6e42cd/go.mod h1:qkLSc0A5EXSP6B04TrN4oQoxqFI7A8XvoXSlJi8cwk8=
github.com/gosuri/uiprogress v0.0.0-20170224063937-d0567a9d84a1 h1:4iPLwzjiWGBQnYdtKbg/JNlGlEEvklrrMdjypdA1LKQ=
github.com/gosuri/uiprogress v0.0.0-20170224063937-d0567a9d84a1/go.mod h1:C1RTYn4Sc7iEyf6j8ft5dyoZ4212h8G1ol9QQluh5+0=
github.com/grandcat/zeroconf v0.0.0-20180329153754-df75bb3ccae1 h1:VSELJSxQlpi1bz4ZwT+93hPpzNLRcgytLr77iVRJpcE=
github.com/grandcat/zeroconf v0.0.0-20180329153754-df75bb3ccae1/go.mod h1:YjKB0WsLXlMkO9p+wGTCoPIDGRJH0mz7E526PxkQVxI=
github.com/hashicorp/go.net v0.0.0-20151006203346-104dcad90073 h1:9dodOMuH6u7LvPEkVydBv6KTHdm+SqsHOxHTzRW+1+w=
github.com/hashicorp/go.net v0.0.0-20151006203346-104dcad90073/go.mod h1:hjKkEWcCURg++eb33jQU7oqQcI9XDCnUzHA0oac0k90=
github.com/hashicorp/mdns v0.0.0-20170221172940-4e527d9d8081 h1:/pNDn8qvhSGfrxx3oB7FAZtmT2h3WeTbDx8j0RdzPTE=
github.com/hashicorp/mdns v0.0.0-20170221172940-4e527d9d8081/go.mod h1:aa76Av3qgPeIQp9Y3qIkTBPieQYNkQ13Kxe7pze9Wb0=
github.com/miekg/dns v1.0.8 h1:Zi8HNpze3NeRWH1PQV6O71YcvJRQ6j0lORO6DAEmAAI=
github.com/miekg/dns v1.0.8/go.mod h1:W1PPwlIAgtquWBMBEV9nkV9Cazfe8ScdGz/Lj7v3Nrg=
github.com/spf13/cobra v0.0.3 h1:ZlrZ4XsMRm04Fr5pSFxBgfND2EBVa1nLpiy1stUsX/8=
github.com/spf13/cobra v0.0.3/go.mod h1:1l0Ry5zgKvJasoi3XT1TypsSe7PqH0Sj9dhYf7v3XqQ=
github.com/spf13/pflag v1.0.1 h1:aCvUg6QPl3ibpQUxyLkrEkCHtPqYJL4x9AuhqVqFis4=
github.com/spf13/pflag v1.0.1/go.mod h1:DYY7MBk1bdzusC3SYhjObp+wFpr4gzcvqqNjLnInEg4=
golang.org/x/crypto v0.0.0-20190308221718-c2843e01d9a2/go.mod h1:djNgcEr1/C05ACkg1iLfiJU5Ep61QUkGW8qpdssI0+w=
golang.org/x/crypto v0.0.0-20200208060501-ecb85df21340 h1:KOcEaR10tFr7gdJV2GCKw8Os5yED1u1aOqHjOAb6d2Y=
golang.org/x/crypto v0.0.0-20200208060501-ecb85df21340/go.mod h1:LzIPMQfyMNhhGPhUkYOs5KpL4U8rLKemX1yGLhDgUto=
golang.org/x/net v0.0.0-20180621144259-afe8f62b1d6b h1:VgWwPFFrh6LyvObbug7TZtI8EX5zwx7WsS6Y4Bqezqo=
golang.org/x/net v0.0.0-20180621144259-afe8f62b1d6b/go.mod h1:mL1N/T3taQHkDXs73rZJwtUhF3w3ftmwwsq0BUmARs4=
golang.org/x/net v0.0.0-20190404232315-eb5bcb51f2a3 h1:0GoQqolDA55aaLxZyTzK/Y2ePZzZTUrRacwib7cNsYQ=
golang.org/x/net v0.0.0-20190404232315-eb5bcb51f2a3/go.mod h1:t9HGtf8HONx5eT2rtn7q6eTqICYqUVnKs3thJo3Qplg=
golang.org/x/sys v0.0.0-20190215142949-d0b11bdaac8a/go.mod h1:STP8DvDyc/dI5b8T5hshtkjS+E42TnysNCUPdjciGhY=
golang.org/x/sys v0.0.0-20190412213103-97732733099d/go.mod h1:h1NjWce9XRLGQEsW7wpKNCjG9DtNlClVuFLEZdDNbEs=
golang.org/x/text v0.3.0/go.mod h1:NqM8EUOU14njkJ3fqMW+pc6Ldnwhi/IjpwHt7yyuwOQ=
gopkg.in/urfave/cli.v1 v1.20.0/go.mod h1:vuBzUtMdQeixQj8LVd+/98pzhxNGQoyuPBlsXHOQNO0=
